
Microsoft Visual Studio Solution File, Format Version 12.00
# Visual Studio 14
VisualStudioVersion = 14.0.25420.1
MinimumVisualStudioVersion = 10.0.40219.1
Project("{2150E333-8FDC-42A3-9474-1A3956D46DE8}") = "Solution Items", "Solution Items", "{8AFB87D9-4C0B-4339-9869-746E6A8B36BE}"
	ProjectSection(SolutionItems) = preProject
		Revolution_include_LINE_1.0.0\Revolution_include_LINE_1.0.0.txt = Revolution_include_LINE_1.0.0\Revolution_include_LINE_1.0.0.txt
		..\..\..\Taikono-Himazin\Documents\Arduino\libraries\Utility\Utility.h = ..\..\..\Taikono-Himazin\Documents\Arduino\libraries\Utility\Utility.h
	EndProjectSection
EndProject
Project("{8BC9CEB8-8B4A-11D0-8D11-00A0C91BC942}") = "Revolution_include_LINE_1.0.0", "Revolution_include_LINE_1.0.0\Revolution_include_LINE_1.0.0.vcxproj", "{C5F80730-F44F-4478-BDAE-6634EFC2CA88}"
EndProject
Project("{8BC9CEB8-8B4A-11D0-8D11-00A0C91BC942}") = "Revolution_include_LINE_2.0.0", "Revolution_include_LINE_2.0.0\Revolution_include_LINE_2.0.0.vcxproj", "{BBAEABD0-9583-404C-97DA-CE56116EA81F}"
EndProject
Project("{8BC9CEB8-8B4A-11D0-8D11-00A0C91BC942}") = "Revolution_include_LINE_2.1.0", "Revolution_include_LINE_2.1.0\Revolution_include_LINE_2.1.0.vcxproj", "{B4057414-D8CD-404F-9294-011CAA870168}"
EndProject
Project("{8BC9CEB8-8B4A-11D0-8D11-00A0C91BC942}") = "Revolution_include_LINE_2.2.0", "Revolution_include_LINE_2.2.0\Revolution_include_LINE_2.2.0.vcxproj", "{FA11F5DA-51D5-4E52-BA64-1E01B6750C00}"
EndProject
Project("{8BC9CEB8-8B4A-11D0-8D11-00A0C91BC942}") = "Revolution_include_LINE_2.2.0_G", "Revolution_include_LINE_2.2.0_G\Revolution_include_LINE_2.2.0_G.vcxproj", "{8097D175-AFD9-471B-815F-4B84CD74AE64}"
EndProject
Global
	GlobalSection(SolutionConfigurationPlatforms) = preSolution
		Debug|x86 = Debug|x86
		Release|x86 = Release|x86
	EndGlobalSection
	GlobalSection(ProjectConfigurationPlatforms) = postSolution
		{C5F80730-F44F-4478-BDAE-6634EFC2CA88}.Debug|x86.ActiveCfg = Debug|Win32
		{C5F80730-F44F-4478-BDAE-6634EFC2CA88}.Debug|x86.Build.0 = Debug|Win32
		{C5F80730-F44F-4478-BDAE-6634EFC2CA88}.Release|x86.ActiveCfg = Release|Win32
		{C5F80730-F44F-4478-BDAE-6634EFC2CA88}.Release|x86.Build.0 = Release|Win32
		{BBAEABD0-9583-404C-97DA-CE56116EA81F}.Debug|x86.ActiveCfg = Debug|Win32
		{BBAEABD0-9583-404C-97DA-CE56116EA81F}.Debug|x86.Build.0 = Debug|Win32
		{BBAEABD0-9583-404C-97DA-CE56116EA81F}.Release|x86.ActiveCfg = Release|Win32
		{BBAEABD0-9583-404C-97DA-CE56116EA81F}.Release|x86.Build.0 = Release|Win32
		{B4057414-D8CD-404F-9294-011CAA870168}.Debug|x86.ActiveCfg = Debug|Win32
		{B4057414-D8CD-404F-9294-011CAA870168}.Debug|x86.Build.0 = Debug|Win32
		{B4057414-D8CD-404F-9294-011CAA870168}.Release|x86.ActiveCfg = Release|Win32
		{B4057414-D8CD-404F-9294-011CAA870168}.Release|x86.Build.0 = Release|Win32
		{FA11F5DA-51D5-4E52-BA64-1E01B6750C00}.Debug|x86.ActiveCfg = Debug|Win32
		{FA11F5DA-51D5-4E52-BA64-1E01B6750C00}.Debug|x86.Build.0 = Debug|Win32
		{FA11F5DA-51D5-4E52-BA64-1E01B6750C00}.Release|x86.ActiveCfg = Release|Win32
		{FA11F5DA-51D5-4E52-BA64-1E01B6750C00}.Release|x86.Build.0 = Release|Win32
		{8097D175-AFD9-471B-815F-4B84CD74AE64}.Debug|x86.ActiveCfg = Debug|Win32
		{8097D175-AFD9-471B-815F-4B84CD74AE64}.Debug|x86.Build.0 = Debug|Win32
		{8097D175-AFD9-471B-815F-4B84CD74AE64}.Release|x86.ActiveCfg = Release|Win32
		{8097D175-AFD9-471B-815F-4B84CD74AE64}.Release|x86.Build.0 = Release|Win32
	EndGlobalSection
	GlobalSection(SolutionProperties) = preSolution
		HideSolutionNode = FALSE
	EndGlobalSection
EndGlobal
