
Microsoft Visual Studio Solution File, Format Version 12.00
# Visual Studio 14
VisualStudioVersion = 14.0.25420.1
MinimumVisualStudioVersion = 10.0.40219.1
Project("{2150E333-8FDC-42A3-9474-1A3956D46DE8}") = "Solution Items", "Solution Items", "{A76DDDD5-2258-4608-8E23-C2AEEB51808C}"
	ProjectSection(SolutionItems) = preProject
		libraries.zip = libraries.zip
		Revolution_include_Main_1.1.1\Readme.txt = Revolution_include_Main_1.1.1\Readme.txt
	EndProjectSection
EndProject
Project("{8BC9CEB8-8B4A-11D0-8D11-00A0C91BC942}") = "Revolution_include_Main_2.1.6", "Revolution_include_Main_2.1.6\Revolution_include_Main_2.1.6.vcxproj", "{2278AE33-5DF3-43B8-A0A1-5520C834F46B}"
EndProject
Project("{8BC9CEB8-8B4A-11D0-8D11-00A0C91BC942}") = "Revolution_include_Main_2.1.6_G", "Revolution_include_Main_2.1.6_G\Revolution_include_Main_2.1.6_G.vcxproj", "{FF47B0B2-BF08-435B-A9D6-97D968684B48}"
EndProject
Project("{8BC9CEB8-8B4A-11D0-8D11-00A0C91BC942}") = "Revolution_include_Main_2.1.7", "Revolution_include_Main_2.1.7\Revolution_include_Main_2.1.7.vcxproj", "{6EE8E209-4EF7-4D95-836C-743403EE6469}"
EndProject
Project("{8BC9CEB8-8B4A-11D0-8D11-00A0C91BC942}") = "Revolution_include_Main_2.1.7_G", "Revolution_include_Main_2.1.7_G\Revolution_include_Main_2.1.7_G.vcxproj", "{251A7F34-5BCA-49D1-BBB7-2EF4D989CC94}"
EndProject
Project("{8BC9CEB8-8B4A-11D0-8D11-00A0C91BC942}") = "Revolution_Include_Main_2.1.7_C", "Revolution_Include_Main_2.1.7_C\Revolution_Include_Main_2.1.7_C.vcxproj", "{1430EB79-EC20-46A1-889E-288A71A39A58}"
EndProject
Project("{8BC9CEB8-8B4A-11D0-8D11-00A0C91BC942}") = "Revolution_Include_Main_2.1.7_G_C", "Revolution_Include_Main_2.1.7_G_C\Revolution_Include_Main_2.1.7_G_C.vcxproj", "{ADCA02D2-CBEF-4437-B0C7-0466DCDA03DD}"
EndProject
Project("{8BC9CEB8-8B4A-11D0-8D11-00A0C91BC942}") = "Revolution_include_Main_2.1.8_C", "Revolution_include_Main_2.1.8_C\Revolution_include_Main_2.1.8_C.vcxproj", "{45EEF107-F0E1-4A8D-99AB-DC4C84E137F0}"
EndProject
Project("{8BC9CEB8-8B4A-11D0-8D11-00A0C91BC942}") = "Revolution_include_Main_2.1.8_G_C", "Revolution_include_Main_2.1.8_G_C\Revolution_include_Main_2.1.8_G_C.vcxproj", "{E005DBDA-E7E4-4054-95DD-3950E68D5358}"
EndProject
Project("{8BC9CEB8-8B4A-11D0-8D11-00A0C91BC942}") = "Revolution_include_Main_2.1.9_G_C", "Revolution_include_Main_2.1.9_G_C\Revolution_include_Main_2.1.9_G_C.vcxproj", "{CFF5F230-4852-484A-A4D2-CFB340AFC1F0}"
EndProject
Global
	GlobalSection(SolutionConfigurationPlatforms) = preSolution
		Debug|x86 = Debug|x86
		Release|x86 = Release|x86
	EndGlobalSection
	GlobalSection(ProjectConfigurationPlatforms) = postSolution
		{2278AE33-5DF3-43B8-A0A1-5520C834F46B}.Debug|x86.ActiveCfg = Debug|Win32
		{2278AE33-5DF3-43B8-A0A1-5520C834F46B}.Debug|x86.Build.0 = Debug|Win32
		{2278AE33-5DF3-43B8-A0A1-5520C834F46B}.Release|x86.ActiveCfg = Release|Win32
		{2278AE33-5DF3-43B8-A0A1-5520C834F46B}.Release|x86.Build.0 = Release|Win32
		{FF47B0B2-BF08-435B-A9D6-97D968684B48}.Debug|x86.ActiveCfg = Debug|Win32
		{FF47B0B2-BF08-435B-A9D6-97D968684B48}.Debug|x86.Build.0 = Debug|Win32
		{FF47B0B2-BF08-435B-A9D6-97D968684B48}.Release|x86.ActiveCfg = Release|Win32
		{FF47B0B2-BF08-435B-A9D6-97D968684B48}.Release|x86.Build.0 = Release|Win32
		{6EE8E209-4EF7-4D95-836C-743403EE6469}.Debug|x86.ActiveCfg = Debug|Win32
		{6EE8E209-4EF7-4D95-836C-743403EE6469}.Debug|x86.Build.0 = Debug|Win32
		{6EE8E209-4EF7-4D95-836C-743403EE6469}.Release|x86.ActiveCfg = Release|Win32
		{6EE8E209-4EF7-4D95-836C-743403EE6469}.Release|x86.Build.0 = Release|Win32
		{251A7F34-5BCA-49D1-BBB7-2EF4D989CC94}.Debug|x86.ActiveCfg = Debug|Win32
		{251A7F34-5BCA-49D1-BBB7-2EF4D989CC94}.Debug|x86.Build.0 = Debug|Win32
		{251A7F34-5BCA-49D1-BBB7-2EF4D989CC94}.Release|x86.ActiveCfg = Release|Win32
		{251A7F34-5BCA-49D1-BBB7-2EF4D989CC94}.Release|x86.Build.0 = Release|Win32
		{1430EB79-EC20-46A1-889E-288A71A39A58}.Debug|x86.ActiveCfg = Debug|Win32
		{1430EB79-EC20-46A1-889E-288A71A39A58}.Debug|x86.Build.0 = Debug|Win32
		{1430EB79-EC20-46A1-889E-288A71A39A58}.Release|x86.ActiveCfg = Release|Win32
		{1430EB79-EC20-46A1-889E-288A71A39A58}.Release|x86.Build.0 = Release|Win32
		{ADCA02D2-CBEF-4437-B0C7-0466DCDA03DD}.Debug|x86.ActiveCfg = Debug|Win32
		{ADCA02D2-CBEF-4437-B0C7-0466DCDA03DD}.Debug|x86.Build.0 = Debug|Win32
		{ADCA02D2-CBEF-4437-B0C7-0466DCDA03DD}.Release|x86.ActiveCfg = Release|Win32
		{ADCA02D2-CBEF-4437-B0C7-0466DCDA03DD}.Release|x86.Build.0 = Release|Win32
		{45EEF107-F0E1-4A8D-99AB-DC4C84E137F0}.Debug|x86.ActiveCfg = Debug|Win32
		{45EEF107-F0E1-4A8D-99AB-DC4C84E137F0}.Debug|x86.Build.0 = Debug|Win32
		{45EEF107-F0E1-4A8D-99AB-DC4C84E137F0}.Release|x86.ActiveCfg = Release|Win32
		{45EEF107-F0E1-4A8D-99AB-DC4C84E137F0}.Release|x86.Build.0 = Release|Win32
		{E005DBDA-E7E4-4054-95DD-3950E68D5358}.Debug|x86.ActiveCfg = Debug|Win32
		{E005DBDA-E7E4-4054-95DD-3950E68D5358}.Debug|x86.Build.0 = Debug|Win32
		{E005DBDA-E7E4-4054-95DD-3950E68D5358}.Release|x86.ActiveCfg = Release|Win32
		{E005DBDA-E7E4-4054-95DD-3950E68D5358}.Release|x86.Build.0 = Release|Win32
		{CFF5F230-4852-484A-A4D2-CFB340AFC1F0}.Debug|x86.ActiveCfg = Debug|Win32
		{CFF5F230-4852-484A-A4D2-CFB340AFC1F0}.Debug|x86.Build.0 = Debug|Win32
		{CFF5F230-4852-484A-A4D2-CFB340AFC1F0}.Release|x86.ActiveCfg = Release|Win32
		{CFF5F230-4852-484A-A4D2-CFB340AFC1F0}.Release|x86.Build.0 = Release|Win32
	EndGlobalSection
	GlobalSection(SolutionProperties) = preSolution
		HideSolutionNode = FALSE
	EndGlobalSection
EndGlobal
