
Microsoft Visual Studio Solution File, Format Version 12.00
# Visual Studio 14
VisualStudioVersion = 14.0.25420.1
MinimumVisualStudioVersion = 10.0.40219.1
Project("{2150E333-8FDC-42A3-9474-1A3956D46DE8}") = "Solution Items", "Solution Items", "{A76DDDD5-2258-4608-8E23-C2AEEB51808C}"
	ProjectSection(SolutionItems) = preProject
		libraries.zip = libraries.zip
		Revolution_include_Main_1.1.1\Readme.txt = Revolution_include_Main_1.1.1\Readme.txt
	EndProjectSection
EndProject
Project("{8BC9CEB8-8B4A-11D0-8D11-00A0C91BC942}") = "Revolution_include_Main_2.1.6", "Revolution_include_Main_2.1.6\Revolution_include_Main_2.1.6.vcxproj", "{2278AE33-5DF3-43B8-A0A1-5520C834F46B}"
EndProject
Project("{8BC9CEB8-8B4A-11D0-8D11-00A0C91BC942}") = "Revolution_include_Main_2.1.6_G", "Revolution_include_Main_2.1.6_G\Revolution_include_Main_2.1.6_G.vcxproj", "{FF47B0B2-BF08-435B-A9D6-97D968684B48}"
EndProject
Project("{8BC9CEB8-8B4A-11D0-8D11-00A0C91BC942}") = "Revolution_include_Main_2.1.7", "Revolution_include_Main_2.1.7\Revolution_include_Main_2.1.7.vcxproj", "{6EE8E209-4EF7-4D95-836C-743403EE6469}"
EndProject
Project("{8BC9CEB8-8B4A-11D0-8D11-00A0C91BC942}") = "Revolution_include_Main_2.1.7_G", "Revolution_include_Main_2.1.7_G\Revolution_include_Main_2.1.7_G.vcxproj", "{251A7F34-5BCA-49D1-BBB7-2EF4D989CC94}"
EndProject
Project("{8BC9CEB8-8B4A-11D0-8D11-00A0C91BC942}") = "Revolution_Include_Main_2.1.7_C", "Revolution_Include_Main_2.1.7_C\Revolution_Include_Main_2.1.7_C.vcxproj", "{1430EB79-EC20-46A1-889E-288A71A39A58}"
EndProject
Project("{8BC9CEB8-8B4A-11D0-8D11-00A0C91BC942}") = "Revolution_Include_Main_2.1.7_G_C", "Revolution_Include_Main_2.1.7_G_C\Revolution_Include_Main_2.1.7_G_C.vcxproj", "{ADCA02D2-CBEF-4437-B0C7-0466DCDA03DD}"
EndProject
Project("{8BC9CEB8-8B4A-11D0-8D11-00A0C91BC942}") = "Revolution_include_Main_2.1.8_C", "Revolution_include_Main_2.1.8_C\Revolution_include_Main_2.1.8_C.vcxproj", "{45EEF107-F0E1-4A8D-99AB-DC4C84E137F0}"
EndProject
Project("{8BC9CEB8-8B4A-11D0-8D11-00A0C91BC942}") = "Revolution_include_Main_2.1.8_G_C", "Revolution_include_Main_2.1.8_G_C\Revolution_include_Main_2.1.8_G_C.vcxproj", "{E005DBDA-E7E4-4054-95DD-3950E68D5358}"
EndProject
Project("{8BC9CEB8-8B4A-11D0-8D11-00A0C91BC942}") = "Revolution_include_Main_2.1.8", "Revolution_include_Main_2.1.8\Revolution_include_Main_2.1.8.vcxproj", "{C5F80730-F44F-4478-BDAE-6634EFC2CA88}"
EndProject
Project("{8BC9CEB8-8B4A-11D0-8D11-00A0C91BC942}") = "Revolution_include_Main_2.1.8_G", "Revolution_include_Main_2.1.8_G\Revolution_include_Main_2.1.8_G.vcxproj", "{48D422FB-CC2D-4960-9AD0-78003F071E4D}"
EndProject
Project("{8BC9CEB8-8B4A-11D0-8D11-00A0C91BC942}") = "Revolution_include_Main_2.1.9_G_C", "Revolution_include_Main_2.1.9_G_C\Revolution_include_Main_2.1.9_G_C.vcxproj", "{CFF5F230-4852-484A-A4D2-CFB340AFC1F0}"
EndProject
Project("{8BC9CEB8-8B4A-11D0-8D11-00A0C91BC942}") = "Revolution_include_Main_2.1.9_C", "Revolution_include_Main_2.1.9_C\Revolution_include_Main_2.1.9_C.vcxproj", "{7254751C-4179-46C2-ABC7-76D44F4A8873}"
EndProject
Project("{8BC9CEB8-8B4A-11D0-8D11-00A0C91BC942}") = "Revolution_include_Main_2.1.9", "Revolution_include_Main_2.1.9\Revolution_include_Main_2.1.9.vcxproj", "{4D7D53D9-82AB-4ED8-9FC9-4B9736BA65BB}"
EndProject
Project("{8BC9CEB8-8B4A-11D0-8D11-00A0C91BC942}") = "Revolution_include_Main_2.0.1", "Revolution_include_Main_2.0.1\Revolution_include_Main_2.0.1.vcxproj", "{5F292022-E174-4D1B-901E-BAAB7E909D04}"
EndProject
Project("{8BC9CEB8-8B4A-11D0-8D11-00A0C91BC942}") = "Revolution_include_Main_2.2.0", "Revolution_include_Main_2.2.0\Revolution_include_Main_2.2.0.vcxproj", "{FE43B937-E3F8-4E3E-8BF2-FE3222FBE258}"
EndProject
Project("{8BC9CEB8-8B4A-11D0-8D11-00A0C91BC942}") = "Revolution_include_Main_2.0.1_Neo", "Revolution_include_Main_2.0.1_Neo\Revolution_include_Main_2.0.1_Neo.vcxproj", "{E3E9BB3F-205A-4F0C-9DF6-EEBE8DE193D4}"
EndProject
Project("{8BC9CEB8-8B4A-11D0-8D11-00A0C91BC942}") = "Revolution_include_Main_2.2.0_Neo", "Revolution_include_Main_2.2.0_Neo\Revolution_include_Main_2.2.0_Neo.vcxproj", "{A8A2A0B5-3427-4EE3-8E34-5311E5DE34A6}"
EndProject
Project("{8BC9CEB8-8B4A-11D0-8D11-00A0C91BC942}") = "Revolution_include_Main_2.2.0_Neo_G", "Revolution_include_Main_2.2.0_Neo_G\Revolution_include_Main_2.2.0_Neo_G.vcxproj", "{FCE7603D-8A1F-49F6-B894-6BDF132DA3C8}"
EndProject
Project("{8BC9CEB8-8B4A-11D0-8D11-00A0C91BC942}") = "MPU6050_calibration", "MPU6050_calibration\MPU6050_calibration.vcxproj", "{84E448B3-5E0A-4B49-B298-A69F5D991624}"
EndProject
Project("{8BC9CEB8-8B4A-11D0-8D11-00A0C91BC942}") = "Revolution_Include_Main_2.3.0", "Revolution_Include_Main_2.3.0\Revolution_Include_Main_2.3.0.vcxproj", "{5EA3DB82-94BE-46DD-B274-7AC4A73AD439}"
EndProject
Project("{8BC9CEB8-8B4A-11D0-8D11-00A0C91BC942}") = "Revolution_include_Main_2.3.1", "Revolution_include_Main_2.3.1\Revolution_include_Main_2.3.1.vcxproj", "{447E1E01-291B-4DE2-A99C-0ED8FA2AAC18}"
EndProject
Project("{8BC9CEB8-8B4A-11D0-8D11-00A0C91BC942}") = "HMC5883L_calibrate", "HMC5883L_calibrate\HMC5883L_calibrate.vcxproj", "{A627C50C-8116-472A-9375-CD2B38894ABB}"
EndProject
Project("{8BC9CEB8-8B4A-11D0-8D11-00A0C91BC942}") = "Revolution_include_Main_2.3.1_NM", "Revolution_include_Main_2.3.1_NM\Revolution_include_Main_2.3.1_NM.vcxproj", "{0EF0FE28-0594-41F1-8B1B-467D5467A936}"
EndProject
Project("{8BC9CEB8-8B4A-11D0-8D11-00A0C91BC942}") = "Revolution_include_Main_2.3.2", "Revolution_include_Main_2.3.2\Revolution_include_Main_2.3.2.vcxproj", "{659D8851-CD80-40A5-A6D9-846D9BA4E630}"
EndProject
Project("{8BC9CEB8-8B4A-11D0-8D11-00A0C91BC942}") = "Revolution_include_HC_1.0.0", "Revolution_include_HC_1.0.0\Revolution_include_HC_1.0.0.vcxproj", "{8B73B081-D6AA-4339-A79B-F55CDDABA3A5}"
EndProject
Global
	GlobalSection(SolutionConfigurationPlatforms) = preSolution
		Debug|x86 = Debug|x86
		Release|x86 = Release|x86
	EndGlobalSection
	GlobalSection(ProjectConfigurationPlatforms) = postSolution
		{2278AE33-5DF3-43B8-A0A1-5520C834F46B}.Debug|x86.ActiveCfg = Debug|Win32
		{2278AE33-5DF3-43B8-A0A1-5520C834F46B}.Debug|x86.Build.0 = Debug|Win32
		{2278AE33-5DF3-43B8-A0A1-5520C834F46B}.Release|x86.ActiveCfg = Release|Win32
		{2278AE33-5DF3-43B8-A0A1-5520C834F46B}.Release|x86.Build.0 = Release|Win32
		{FF47B0B2-BF08-435B-A9D6-97D968684B48}.Debug|x86.ActiveCfg = Debug|Win32
		{FF47B0B2-BF08-435B-A9D6-97D968684B48}.Debug|x86.Build.0 = Debug|Win32
		{FF47B0B2-BF08-435B-A9D6-97D968684B48}.Release|x86.ActiveCfg = Release|Win32
		{FF47B0B2-BF08-435B-A9D6-97D968684B48}.Release|x86.Build.0 = Release|Win32
		{6EE8E209-4EF7-4D95-836C-743403EE6469}.Debug|x86.ActiveCfg = Debug|Win32
		{6EE8E209-4EF7-4D95-836C-743403EE6469}.Debug|x86.Build.0 = Debug|Win32
		{6EE8E209-4EF7-4D95-836C-743403EE6469}.Release|x86.ActiveCfg = Release|Win32
		{6EE8E209-4EF7-4D95-836C-743403EE6469}.Release|x86.Build.0 = Release|Win32
		{251A7F34-5BCA-49D1-BBB7-2EF4D989CC94}.Debug|x86.ActiveCfg = Debug|Win32
		{251A7F34-5BCA-49D1-BBB7-2EF4D989CC94}.Debug|x86.Build.0 = Debug|Win32
		{251A7F34-5BCA-49D1-BBB7-2EF4D989CC94}.Release|x86.ActiveCfg = Release|Win32
		{251A7F34-5BCA-49D1-BBB7-2EF4D989CC94}.Release|x86.Build.0 = Release|Win32
		{1430EB79-EC20-46A1-889E-288A71A39A58}.Debug|x86.ActiveCfg = Debug|Win32
		{1430EB79-EC20-46A1-889E-288A71A39A58}.Debug|x86.Build.0 = Debug|Win32
		{1430EB79-EC20-46A1-889E-288A71A39A58}.Release|x86.ActiveCfg = Release|Win32
		{1430EB79-EC20-46A1-889E-288A71A39A58}.Release|x86.Build.0 = Release|Win32
		{ADCA02D2-CBEF-4437-B0C7-0466DCDA03DD}.Debug|x86.ActiveCfg = Debug|Win32
		{ADCA02D2-CBEF-4437-B0C7-0466DCDA03DD}.Debug|x86.Build.0 = Debug|Win32
		{ADCA02D2-CBEF-4437-B0C7-0466DCDA03DD}.Release|x86.ActiveCfg = Release|Win32
		{ADCA02D2-CBEF-4437-B0C7-0466DCDA03DD}.Release|x86.Build.0 = Release|Win32
		{45EEF107-F0E1-4A8D-99AB-DC4C84E137F0}.Debug|x86.ActiveCfg = Debug|Win32
		{45EEF107-F0E1-4A8D-99AB-DC4C84E137F0}.Debug|x86.Build.0 = Debug|Win32
		{45EEF107-F0E1-4A8D-99AB-DC4C84E137F0}.Release|x86.ActiveCfg = Release|Win32
		{45EEF107-F0E1-4A8D-99AB-DC4C84E137F0}.Release|x86.Build.0 = Release|Win32
		{E005DBDA-E7E4-4054-95DD-3950E68D5358}.Debug|x86.ActiveCfg = Debug|Win32
		{E005DBDA-E7E4-4054-95DD-3950E68D5358}.Debug|x86.Build.0 = Debug|Win32
		{E005DBDA-E7E4-4054-95DD-3950E68D5358}.Release|x86.ActiveCfg = Release|Win32
		{E005DBDA-E7E4-4054-95DD-3950E68D5358}.Release|x86.Build.0 = Release|Win32
		{C5F80730-F44F-4478-BDAE-6634EFC2CA88}.Debug|x86.ActiveCfg = Debug|Win32
		{C5F80730-F44F-4478-BDAE-6634EFC2CA88}.Debug|x86.Build.0 = Debug|Win32
		{C5F80730-F44F-4478-BDAE-6634EFC2CA88}.Release|x86.ActiveCfg = Release|Win32
		{C5F80730-F44F-4478-BDAE-6634EFC2CA88}.Release|x86.Build.0 = Release|Win32
		{48D422FB-CC2D-4960-9AD0-78003F071E4D}.Debug|x86.ActiveCfg = Debug|Win32
		{48D422FB-CC2D-4960-9AD0-78003F071E4D}.Debug|x86.Build.0 = Debug|Win32
		{48D422FB-CC2D-4960-9AD0-78003F071E4D}.Release|x86.ActiveCfg = Release|Win32
		{48D422FB-CC2D-4960-9AD0-78003F071E4D}.Release|x86.Build.0 = Release|Win32
		{CFF5F230-4852-484A-A4D2-CFB340AFC1F0}.Debug|x86.ActiveCfg = Debug|Win32
		{CFF5F230-4852-484A-A4D2-CFB340AFC1F0}.Debug|x86.Build.0 = Debug|Win32
		{CFF5F230-4852-484A-A4D2-CFB340AFC1F0}.Release|x86.ActiveCfg = Release|Win32
		{CFF5F230-4852-484A-A4D2-CFB340AFC1F0}.Release|x86.Build.0 = Release|Win32
		{7254751C-4179-46C2-ABC7-76D44F4A8873}.Debug|x86.ActiveCfg = Debug|Win32
		{7254751C-4179-46C2-ABC7-76D44F4A8873}.Debug|x86.Build.0 = Debug|Win32
		{7254751C-4179-46C2-ABC7-76D44F4A8873}.Release|x86.ActiveCfg = Release|Win32
		{7254751C-4179-46C2-ABC7-76D44F4A8873}.Release|x86.Build.0 = Release|Win32
		{4D7D53D9-82AB-4ED8-9FC9-4B9736BA65BB}.Debug|x86.ActiveCfg = Debug|Win32
		{4D7D53D9-82AB-4ED8-9FC9-4B9736BA65BB}.Debug|x86.Build.0 = Debug|Win32
		{4D7D53D9-82AB-4ED8-9FC9-4B9736BA65BB}.Release|x86.ActiveCfg = Release|Win32
		{4D7D53D9-82AB-4ED8-9FC9-4B9736BA65BB}.Release|x86.Build.0 = Release|Win32
		{5F292022-E174-4D1B-901E-BAAB7E909D04}.Debug|x86.ActiveCfg = Debug|Win32
		{5F292022-E174-4D1B-901E-BAAB7E909D04}.Debug|x86.Build.0 = Debug|Win32
		{5F292022-E174-4D1B-901E-BAAB7E909D04}.Release|x86.ActiveCfg = Release|Win32
		{5F292022-E174-4D1B-901E-BAAB7E909D04}.Release|x86.Build.0 = Release|Win32
		{FE43B937-E3F8-4E3E-8BF2-FE3222FBE258}.Debug|x86.ActiveCfg = Debug|Win32
		{FE43B937-E3F8-4E3E-8BF2-FE3222FBE258}.Debug|x86.Build.0 = Debug|Win32
		{FE43B937-E3F8-4E3E-8BF2-FE3222FBE258}.Release|x86.ActiveCfg = Release|Win32
		{FE43B937-E3F8-4E3E-8BF2-FE3222FBE258}.Release|x86.Build.0 = Release|Win32
		{E3E9BB3F-205A-4F0C-9DF6-EEBE8DE193D4}.Debug|x86.ActiveCfg = Debug|Win32
		{E3E9BB3F-205A-4F0C-9DF6-EEBE8DE193D4}.Debug|x86.Build.0 = Debug|Win32
		{E3E9BB3F-205A-4F0C-9DF6-EEBE8DE193D4}.Release|x86.ActiveCfg = Release|Win32
		{E3E9BB3F-205A-4F0C-9DF6-EEBE8DE193D4}.Release|x86.Build.0 = Release|Win32
		{A8A2A0B5-3427-4EE3-8E34-5311E5DE34A6}.Debug|x86.ActiveCfg = Debug|Win32
		{A8A2A0B5-3427-4EE3-8E34-5311E5DE34A6}.Debug|x86.Build.0 = Debug|Win32
		{A8A2A0B5-3427-4EE3-8E34-5311E5DE34A6}.Release|x86.ActiveCfg = Release|Win32
		{A8A2A0B5-3427-4EE3-8E34-5311E5DE34A6}.Release|x86.Build.0 = Release|Win32
		{FCE7603D-8A1F-49F6-B894-6BDF132DA3C8}.Debug|x86.ActiveCfg = Debug|Win32
		{FCE7603D-8A1F-49F6-B894-6BDF132DA3C8}.Debug|x86.Build.0 = Debug|Win32
		{FCE7603D-8A1F-49F6-B894-6BDF132DA3C8}.Release|x86.ActiveCfg = Release|Win32
		{FCE7603D-8A1F-49F6-B894-6BDF132DA3C8}.Release|x86.Build.0 = Release|Win32
		{84E448B3-5E0A-4B49-B298-A69F5D991624}.Debug|x86.ActiveCfg = Debug|Win32
		{84E448B3-5E0A-4B49-B298-A69F5D991624}.Debug|x86.Build.0 = Debug|Win32
		{84E448B3-5E0A-4B49-B298-A69F5D991624}.Release|x86.ActiveCfg = Release|Win32
		{84E448B3-5E0A-4B49-B298-A69F5D991624}.Release|x86.Build.0 = Release|Win32
		{5EA3DB82-94BE-46DD-B274-7AC4A73AD439}.Debug|x86.ActiveCfg = Debug|Win32
		{5EA3DB82-94BE-46DD-B274-7AC4A73AD439}.Debug|x86.Build.0 = Debug|Win32
		{5EA3DB82-94BE-46DD-B274-7AC4A73AD439}.Release|x86.ActiveCfg = Release|Win32
		{5EA3DB82-94BE-46DD-B274-7AC4A73AD439}.Release|x86.Build.0 = Release|Win32
		{447E1E01-291B-4DE2-A99C-0ED8FA2AAC18}.Debug|x86.ActiveCfg = Debug|Win32
		{447E1E01-291B-4DE2-A99C-0ED8FA2AAC18}.Debug|x86.Build.0 = Debug|Win32
		{447E1E01-291B-4DE2-A99C-0ED8FA2AAC18}.Release|x86.ActiveCfg = Release|Win32
		{447E1E01-291B-4DE2-A99C-0ED8FA2AAC18}.Release|x86.Build.0 = Release|Win32
		{A627C50C-8116-472A-9375-CD2B38894ABB}.Debug|x86.ActiveCfg = Debug|Win32
		{A627C50C-8116-472A-9375-CD2B38894ABB}.Debug|x86.Build.0 = Debug|Win32
		{A627C50C-8116-472A-9375-CD2B38894ABB}.Release|x86.ActiveCfg = Release|Win32
		{A627C50C-8116-472A-9375-CD2B38894ABB}.Release|x86.Build.0 = Release|Win32
		{0EF0FE28-0594-41F1-8B1B-467D5467A936}.Debug|x86.ActiveCfg = Debug|Win32
		{0EF0FE28-0594-41F1-8B1B-467D5467A936}.Debug|x86.Build.0 = Debug|Win32
		{0EF0FE28-0594-41F1-8B1B-467D5467A936}.Release|x86.ActiveCfg = Release|Win32
		{0EF0FE28-0594-41F1-8B1B-467D5467A936}.Release|x86.Build.0 = Release|Win32
		{659D8851-CD80-40A5-A6D9-846D9BA4E630}.Debug|x86.ActiveCfg = Debug|Win32
		{659D8851-CD80-40A5-A6D9-846D9BA4E630}.Debug|x86.Build.0 = Debug|Win32
		{659D8851-CD80-40A5-A6D9-846D9BA4E630}.Release|x86.ActiveCfg = Release|Win32
		{659D8851-CD80-40A5-A6D9-846D9BA4E630}.Release|x86.Build.0 = Release|Win32
		{8B73B081-D6AA-4339-A79B-F55CDDABA3A5}.Debug|x86.ActiveCfg = Debug|Win32
		{8B73B081-D6AA-4339-A79B-F55CDDABA3A5}.Debug|x86.Build.0 = Debug|Win32
		{8B73B081-D6AA-4339-A79B-F55CDDABA3A5}.Release|x86.ActiveCfg = Release|Win32
		{8B73B081-D6AA-4339-A79B-F55CDDABA3A5}.Release|x86.Build.0 = Release|Win32
	EndGlobalSection
	GlobalSection(SolutionProperties) = preSolution
		HideSolutionNode = FALSE
	EndGlobalSection
EndGlobal
